<Solution>
  <Folder Name="/src/" />
  <Folder Name="/src/BuildingBlocks/">
    <Project Path="src/BuildingBlocks/NotificationPlatform.BuildingBlocks.csproj" />
  </Folder>
  <Folder Name="/src/Contracts/">
    <Project Path="src/Contracts/NotificationPlatform.Contracts.csproj" />
  </Folder>
  <Folder Name="/src/NotificationApi/">
    <Project Path="src/NotificationApi/NotificationPlatform.NotificationApi.csproj" />
  </Folder>
  <Folder Name="/src/EmailChannelService/">
    <Project Path="src/EmailChannelService/NotificationPlatform.EmailChannelService.csproj" />
  </Folder>
  <Folder Name="/src/SmsChannelService/">
    <Project Path="src/SmsChannelService/NotificationPlatform.SmsChannelService.csproj" />
  </Folder>
  <Folder Name="/src/PushChannelService/">
    <Project Path="src/PushChannelService/NotificationPlatform.PushChannelService.csproj" />
  </Folder>
</Solution>
